// !$*UTF8*$!
{
	archiveVersion = 1;
	classes = {
	};
	objectVersion = 56;
	objects = {

/* Begin PBXBuildFile section */
		077348082B00ED0F001CCAA1 /* AppDelegate.swift in Sources */ = {isa = PBXBuildFile; fileRef = 077348072B00ED0F001CCAA1 /* AppDelegate.swift */; };
		0773480A2B00ED0F001CCAA1 /* SceneDelegate.swift in Sources */ = {isa = PBXBuildFile; fileRef = 077348092B00ED0F001CCAA1 /* SceneDelegate.swift */; };
		0773480C2B00ED0F001CCAA1 /* ViewController.swift in Sources */ = {isa = PBXBuildFile; fileRef = 0773480B2B00ED0F001CCAA1 /* ViewController.swift */; };
		0773480F2B00ED0F001CCAA1 /* Main.storyboard in Resources */ = {isa = PBXBuildFile; fileRef = 0773480D2B00ED0F001CCAA1 /* Main.storyboard */; };
		077348112B00ED11001CCAA1 /* Assets.xcassets in Resources */ = {isa = PBXBuildFile; fileRef = 077348102B00ED11001CCAA1 /* Assets.xcassets */; };
		077348142B00ED11001CCAA1 /* LaunchScreen.storyboard in Resources */ = {isa = PBXBuildFile; fileRef = 077348122B00ED11001CCAA1 /* LaunchScreen.storyboard */; };
		07C9BA7A2B039BD6006C54D4 /* DataTable.swift in Sources */ = {isa = PBXBuildFile; fileRef = 07C9BA792B039BD6006C54D4 /* DataTable.swift */; };
		2C6286662B020F1C004D7AB8 /* KeyboardClass.swift in Sources */ = {isa = PBXBuildFile; fileRef = 2C6286652B020F1C004D7AB8 /* KeyboardClass.swift */; };
		2C6286692B02102A004D7AB8 /* Utility.swift in Sources */ = {isa = PBXBuildFile; fileRef = 2C6286682B02102A004D7AB8 /* Utility.swift */; };
/* End PBXBuildFile section */

/* Begin PBXFileReference section */
		077348042B00ED0F001CCAA1 /* BookManangement.app */ = {isa = PBXFileReference; explicitFileType = wrapper.application; includeInIndex = 0; path = BookManangement.app; sourceTree = BUILT_PRODUCTS_DIR; };
		077348072B00ED0F001CCAA1 /* AppDelegate.swift */ = {isa = PBXFileReference; lastKnownFileType = sourcecode.swift; path = AppDelegate.swift; sourceTree = "<group>"; };
		077348092B00ED0F001CCAA1 /* SceneDelegate.swift */ = {isa = PBXFileReference; lastKnownFileType = sourcecode.swift; path = SceneDelegate.swift; sourceTree = "<group>"; };
		0773480B2B00ED0F001CCAA1 /* ViewController.swift */ = {isa = PBXFileReference; lastKnownFileType = sourcecode.swift; path = ViewController.swift; sourceTree = "<group>"; };
		0773480E2B00ED0F001CCAA1 /* Base */ = {isa = PBXFileReference; lastKnownFileType = file.storyboard; name = Base; path = Base.lproj/Main.storyboard; sourceTree = "<group>"; };
		077348102B00ED11001CCAA1 /* Assets.xcassets */ = {isa = PBXFileReference; lastKnownFileType = folder.assetcatalog; path = Assets.xcassets; sourceTree = "<group>"; };
		077348132B00ED11001CCAA1 /* Base */ = {isa = PBXFileReference; lastKnownFileType = file.storyboard; name = Base; path = Base.lproj/LaunchScreen.storyboard; sourceTree = "<group>"; };
		077348152B00ED11001CCAA1 /* Info.plist */ = {isa = PBXFileReference; lastKnownFileType = text.plist.xml; path = Info.plist; sourceTree = "<group>"; };
		07C9BA792B039BD6006C54D4 /* DataTable.swift */ = {isa = PBXFileReference; lastKnownFileType = sourcecode.swift; path = DataTable.swift; sourceTree = "<group>"; };
		2C6286652B020F1C004D7AB8 /* KeyboardClass.swift */ = {isa = PBXFileReference; lastKnownFileType = sourcecode.swift; path = KeyboardClass.swift; sourceTree = "<group>"; };
		2C6286682B02102A004D7AB8 /* Utility.swift */ = {isa = PBXFileReference; lastKnownFileType = sourcecode.swift; path = Utility.swift; sourceTree = "<group>"; };
/* End PBXFileReference section */

/* Begin PBXFrameworksBuildPhase section */
		077348012B00ED0F001CCAA1 /* Frameworks */ = {
			isa = PBXFrameworksBuildPhase;
			buildActionMask = 2147483647;
			files = (
			);
			runOnlyForDeploymentPostprocessing = 0;
		};
/* End PBXFrameworksBuildPhase section */

/* Begin PBXGroup section */
		077347FB2B00ED0F001CCAA1 = {
			isa = PBXGroup;
			children = (
				077348062B00ED0F001CCAA1 /* BookManangement */,
				077348052B00ED0F001CCAA1 /* Products */,
			);
			sourceTree = "<group>";
		};
		077348052B00ED0F001CCAA1 /* Products */ = {
			isa = PBXGroup;
			children = (
				077348042B00ED0F001CCAA1 /* BookManangement.app */,
			);
			name = Products;
			sourceTree = "<group>";
		};
		077348062B00ED0F001CCAA1 /* BookManangement */ = {
			isa = PBXGroup;
			children = (
				07C9BA782B039BA0006C54D4 /* dataTable */,
				2C6286672B021014004D7AB8 /* util */,
				2C6286642B020E77004D7AB8 /* keyboard */,
				077348072B00ED0F001CCAA1 /* AppDelegate.swift */,
				077348092B00ED0F001CCAA1 /* SceneDelegate.swift */,
				0773480B2B00ED0F001CCAA1 /* ViewController.swift */,
				0773480D2B00ED0F001CCAA1 /* Main.storyboard */,
				077348102B00ED11001CCAA1 /* Assets.xcassets */,
				077348122B00ED11001CCAA1 /* LaunchScreen.storyboard */,
				077348152B00ED11001CCAA1 /* Info.plist */,
			);
			path = BookManangement;
			sourceTree = "<group>";
		};
		07C9BA782B039BA0006C54D4 /* dataTable */ = {
			isa = PBXGroup;
			children = (
				07C9BA792B039BD6006C54D4 /* DataTable.swift */,
			);
			path = dataTable;
			sourceTree = "<group>";
		};
		2C6286642B020E77004D7AB8 /* keyboard */ = {
			isa = PBXGroup;
			children = (
				2C6286652B020F1C004D7AB8 /* KeyboardClass.swift */,
			);
			path = keyboard;
			sourceTree = "<group>";
		};
		2C6286672B021014004D7AB8 /* util */ = {
			isa = PBXGroup;
			children = (
				2C6286682B02102A004D7AB8 /* Utility.swift */,
			);
			path = util;
			sourceTree = "<group>";
		};
/* End PBXGroup section */

/* Begin PBXNativeTarget section */
		077348032B00ED0F001CCAA1 /* BookManangement */ = {
			isa = PBXNativeTarget;
			buildConfigurationList = 077348182B00ED11001CCAA1 /* Build configuration list for PBXNativeTarget "BookManangement" */;
			buildPhases = (
				077348002B00ED0F001CCAA1 /* Sources */,
				077348012B00ED0F001CCAA1 /* Frameworks */,
				077348022B00ED0F001CCAA1 /* Resources */,
			);
			buildRules = (
			);
			dependencies = (
			);
			name = BookManangement;
			productName = BookManangement;
			productReference = 077348042B00ED0F001CCAA1 /* BookManangement.app */;
			productType = "com.apple.product-type.application";
		};
/* End PBXNativeTarget section */

/* Begin PBXProject section */
		077347FC2B00ED0F001CCAA1 /* Project object */ = {
			isa = PBXProject;
			attributes = {
				BuildIndependentTargetsInParallel = 1;
				LastSwiftUpdateCheck = 1430;
				LastUpgradeCheck = 1430;
				TargetAttributes = {
					077348032B00ED0F001CCAA1 = {
						CreatedOnToolsVersion = 14.3.1;
					};
				};
			};
			buildConfigurationList = 077347FF2B00ED0F001CCAA1 /* Build configuration list for PBXProject "BookManangement" */;
			compatibilityVersion = "Xcode 14.0";
			developmentRegion = en;
			hasScannedForEncodings = 0;
			knownRegions = (
				en,
				Base,
			);
			mainGroup = 077347FB2B00ED0F001CCAA1;
			productRefGroup = 077348052B00ED0F001CCAA1 /* Products */;
			projectDirPath = "";
			projectRoot = "";
			targets = (
				077348032B00ED0F001CCAA1 /* BookManangement */,
			);
		};
/* End PBXProject section */

/* Begin PBXResourcesBuildPhase section */
		077348022B00ED0F001CCAA1 /* Resources */ = {
			isa = PBXResourcesBuildPhase;
			buildActionMask = 2147483647;
			files = (
				077348142B00ED11001CCAA1 /* LaunchScreen.storyboard in Resources */,
				077348112B00ED11001CCAA1 /* Assets.xcassets in Resources */,
				0773480F2B00ED0F001CCAA1 /* Main.storyboard in Resources */,
			);
			runOnlyForDeploymentPostprocessing = 0;
		};
/* End PBXResourcesBuildPhase section */

/* Begin PBXSourcesBuildPhase section */
		077348002B00ED0F001CCAA1 /* Sources */ = {
			isa = PBXSourcesBuildPhase;
			buildActionMask = 2147483647;
			files = (
				2C6286692B02102A004D7AB8 /* Utility.swift in Sources */,
				0773480C2B00ED0F001CCAA1 /* ViewController.swift in Sources */,
				07C9BA7A2B039BD6006C54D4 /* DataTable.swift in Sources */,
				2C6286662B020F1C004D7AB8 /* KeyboardClass.swift in Sources */,
				077348082B00ED0F001CCAA1 /* AppDelegate.swift in Sources */,
				0773480A2B00ED0F001CCAA1 /* SceneDelegate.swift in Sources */,
			);
			runOnlyForDeploymentPostprocessing = 0;
		};
/* End PBXSourcesBuildPhase section */

/* Begin PBXVariantGroup section */
		0773480D2B00ED0F001CCAA1 /* Main.storyboard */ = {
			isa = PBXVariantGroup;
			children = (
				0773480E2B00ED0F001CCAA1 /* Base */,
			);
			name = Main.storyboard;
			sourceTree = "<group>";
		};
		077348122B00ED11001CCAA1 /* LaunchScreen.storyboard */ = {
			isa = PBXVariantGroup;
			children = (
				077348132B00ED11001CCAA1 /* Base */,
			);
			name = LaunchScreen.storyboard;
			sourceTree = "<group>";
		};
/* End PBXVariantGroup section */

/* Begin XCBuildConfiguration section */
		077348162B00ED11001CCAA1 /* Debug */ = {
			isa = XCBuildConfiguration;
			buildSettings = {
				ALWAYS_SEARCH_USER_PATHS = NO;
				CLANG_ANALYZER_NONNULL = YES;
				CLANG_ANALYZER_NUMBER_OBJECT_CONVERSION = YES_AGGRESSIVE;
				CLANG_CXX_LANGUAGE_STANDARD = "gnu++20";
				CLANG_ENABLE_MODULES = YES;
				CLANG_ENABLE_OBJC_ARC = YES;
				CLANG_ENABLE_OBJC_WEAK = YES;
				CLANG_WARN_BLOCK_CAPTURE_AUTORELEASING = YES;
				CLANG_WARN_BOOL_CONVERSION = YES;
				CLANG_WARN_COMMA = YES;
				CLANG_WARN_CONSTANT_CONVERSION = YES;
				CLANG_WARN_DEPRECATED_OBJC_IMPLEMENTATIONS = YES;
				CLANG_WARN_DIRECT_OBJC_ISA_USAGE = YES_ERROR;
				CLANG_WARN_DOCUMENTATION_COMMENTS = YES;
				CLANG_WARN_EMPTY_BODY = YES;
				CLANG_WARN_ENUM_CONVERSION = YES;
				CLANG_WARN_INFINITE_RECURSION = YES;
				CLANG_WARN_INT_CONVERSION = YES;
				CLANG_WARN_NON_LITERAL_NULL_CONVERSION = YES;
				CLANG_WARN_OBJC_IMPLICIT_RETAIN_SELF = YES;
				CLANG_WARN_OBJC_LITERAL_CONVERSION = YES;
				CLANG_WARN_OBJC_ROOT_CLASS = YES_ERROR;
				CLANG_WARN_QUOTED_INCLUDE_IN_FRAMEWORK_HEADER = YES;
				CLANG_WARN_RANGE_LOOP_ANALYSIS = YES;
				CLANG_WARN_STRICT_PROTOTYPES = YES;
				CLANG_WARN_SUSPICIOUS_MOVE = YES;
				CLANG_WARN_UNGUARDED_AVAILABILITY = YES_AGGRESSIVE;
				CLANG_WARN_UNREACHABLE_CODE = YES;
				CLANG_WARN__DUPLICATE_METHOD_MATCH = YES;
				COPY_PHASE_STRIP = NO;
				DEBUG_INFORMATION_FORMAT = dwarf;
				ENABLE_STRICT_OBJC_MSGSEND = YES;
				ENABLE_TESTABILITY = YES;
				GCC_C_LANGUAGE_STANDARD = gnu11;
				GCC_DYNAMIC_NO_PIC = NO;
				GCC_NO_COMMON_BLOCKS = YES;
				GCC_OPTIMIZATION_LEVEL = 0;
				GCC_PREPROCESSOR_DEFINITIONS = (
					"DEBUG=1",
					"$(inherited)",
				);
				GCC_WARN_64_TO_32_BIT_CONVERSION = YES;
				GCC_WARN_ABOUT_RETURN_TYPE = YES_ERROR;
				GCC_WARN_UNDECLARED_SELECTOR = YES;
				GCC_WARN_UNINITIALIZED_AUTOS = YES_AGGRESSIVE;
				GCC_WARN_UNUSED_FUNCTION = YES;
				GCC_WARN_UNUSED_VARIABLE = YES;
				IPHONEOS_DEPLOYMENT_TARGET = 16.4;
				MTL_ENABLE_DEBUG_INFO = INCLUDE_SOURCE;
				MTL_FAST_MATH = YES;
				ONLY_ACTIVE_ARCH = YES;
				SDKROOT = iphoneos;
				SWIFT_ACTIVE_COMPILATION_CONDITIONS = DEBUG;
				SWIFT_OPTIMIZATION_LEVEL = "-Onone";
			};
			name = Debug;
		};
		077348172B00ED11001CCAA1 /* Release */ = {
			isa = XCBuildConfiguration;
			buildSettings = {
				ALWAYS_SEARCH_USER_PATHS = NO;
				CLANG_ANALYZER_NONNULL = YES;
				CLANG_ANALYZER_NUMBER_OBJECT_CONVERSION = YES_AGGRESSIVE;
				CLANG_CXX_LANGUAGE_STANDARD = "gnu++20";
				CLANG_ENABLE_MODULES = YES;
				CLANG_ENABLE_OBJC_ARC = YES;
				CLANG_ENABLE_OBJC_WEAK = YES;
				CLANG_WARN_BLOCK_CAPTURE_AUTORELEASING = YES;
				CLANG_WARN_BOOL_CONVERSION = YES;
				CLANG_WARN_COMMA = YES;
				CLANG_WARN_CONSTANT_CONVERSION = YES;
				CLANG_WARN_DEPRECATED_OBJC_IMPLEMENTATIONS = YES;
				CLANG_WARN_DIRECT_OBJC_ISA_USAGE = YES_ERROR;
				CLANG_WARN_DOCUMENTATION_COMMENTS = YES;
				CLANG_WARN_EMPTY_BODY = YES;
				CLANG_WARN_ENUM_CONVERSION = YES;
				CLANG_WARN_INFINITE_RECURSION = YES;
				CLANG_WARN_INT_CONVERSION = YES;
				CLANG_WARN_NON_LITERAL_NULL_CONVERSION = YES;
				CLANG_WARN_OBJC_IMPLICIT_RETAIN_SELF = YES;
				CLANG_WARN_OBJC_LITERAL_CONVERSION = YES;
				CLANG_WARN_OBJC_ROOT_CLASS = YES_ERROR;
				CLANG_WARN_QUOTED_INCLUDE_IN_FRAMEWORK_HEADER = YES;
				CLANG_WARN_RANGE_LOOP_ANALYSIS = YES;
				CLANG_WARN_STRICT_PROTOTYPES = YES;
				CLANG_WARN_SUSPICIOUS_MOVE = YES;
				CLANG_WARN_UNGUARDED_AVAILABILITY = YES_AGGRESSIVE;
				CLANG_WARN_UNREACHABLE_CODE = YES;
				CLANG_WARN__DUPLICATE_METHOD_MATCH = YES;
				COPY_PHASE_STRIP = NO;
				DEBUG_INFORMATION_FORMAT = "dwarf-with-dsym";
				ENABLE_NS_ASSERTIONS = NO;
				ENABLE_STRICT_OBJC_MSGSEND = YES;
				GCC_C_LANGUAGE_STANDARD = gnu11;
				GCC_NO_COMMON_BLOCKS = YES;
				GCC_WARN_64_TO_32_BIT_CONVERSION = YES;
				GCC_WARN_ABOUT_RETURN_TYPE = YES_ERROR;
				GCC_WARN_UNDECLARED_SELECTOR = YES;
				GCC_WARN_UNINITIALIZED_AUTOS = YES_AGGRESSIVE;
				GCC_WARN_UNUSED_FUNCTION = YES;
				GCC_WARN_UNUSED_VARIABLE = YES;
				IPHONEOS_DEPLOYMENT_TARGET = 16.4;
				MTL_ENABLE_DEBUG_INFO = NO;
				MTL_FAST_MATH = YES;
				SDKROOT = iphoneos;
				SWIFT_COMPILATION_MODE = wholemodule;
				SWIFT_OPTIMIZATION_LEVEL = "-O";
				VALIDATE_PRODUCT = YES;
			};
			name = Release;
		};
		077348192B00ED11001CCAA1 /* Debug */ = {
			isa = XCBuildConfiguration;
			buildSettings = {
				ASSETCATALOG_COMPILER_APPICON_NAME = AppIcon;
				ASSETCATALOG_COMPILER_GLOBAL_ACCENT_COLOR_NAME = AccentColor;
				CODE_SIGN_STYLE = Automatic;
				CURRENT_PROJECT_VERSION = 1;
				DEVELOPMENT_TEAM = N7CK8NKFS7;
				GENERATE_INFOPLIST_FILE = YES;
				INFOPLIST_FILE = BookManangement/Info.plist;
				INFOPLIST_KEY_UIApplicationSupportsIndirectInputEvents = YES;
				INFOPLIST_KEY_UILaunchStoryboardName = LaunchScreen;
				INFOPLIST_KEY_UIMainStoryboardFile = Main;
				INFOPLIST_KEY_UISupportedInterfaceOrientations_iPad = "UIInterfaceOrientationPortrait UIInterfaceOrientationPortraitUpsideDown UIInterfaceOrientationLandscapeLeft UIInterfaceOrientationLandscapeRight";
				INFOPLIST_KEY_UISupportedInterfaceOrientations_iPhone = "UIInterfaceOrientationPortrait UIInterfaceOrientationLandscapeLeft UIInterfaceOrientationLandscapeRight";
				IPHONEOS_DEPLOYMENT_TARGET = 13.0;
				LD_RUNPATH_SEARCH_PATHS = (
					"$(inherited)",
					"@executable_path/Frameworks",
				);
				MARKETING_VERSION = 1.0;
				PRODUCT_BUNDLE_IDENTIFIER = com.uniwiz.BookManangement;
				PRODUCT_NAME = "$(TARGET_NAME)";
				SWIFT_EMIT_LOC_STRINGS = YES;
				SWIFT_VERSION = 5.0;
				TARGETED_DEVICE_FAMILY = "1,2";
			};
			name = Debug;
		};
		0773481A2B00ED11001CCAA1 /* Release */ = {
			isa = XCBuildConfiguration;
			buildSettings = {
				ASSETCATALOG_COMPILER_APPICON_NAME = AppIcon;
				ASSETCATALOG_COMPILER_GLOBAL_ACCENT_COLOR_NAME = AccentColor;
				CODE_SIGN_STYLE = Automatic;
				CURRENT_PROJECT_VERSION = 1;
				DEVELOPMENT_TEAM = N7CK8NKFS7;
				GENERATE_INFOPLIST_FILE = YES;
				INFOPLIST_FILE = BookManangement/Info.plist;
				INFOPLIST_KEY_UIApplicationSupportsIndirectInputEvents = YES;
				INFOPLIST_KEY_UILaunchStoryboardName = LaunchScreen;
				INFOPLIST_KEY_UIMainStoryboardFile = Main;
				INFOPLIST_KEY_UISupportedInterfaceOrientations_iPad = "UIInterfaceOrientationPortrait UIInterfaceOrientationPortraitUpsideDown UIInterfaceOrientationLandscapeLeft UIInterfaceOrientationLandscapeRight";
				INFOPLIST_KEY_UISupportedInterfaceOrientations_iPhone = "UIInterfaceOrientationPortrait UIInterfaceOrientationLandscapeLeft UIInterfaceOrientationLandscapeRight";
				IPHONEOS_DEPLOYMENT_TARGET = 13.0;
				LD_RUNPATH_SEARCH_PATHS = (
					"$(inherited)",
					"@executable_path/Frameworks",
				);
				MARKETING_VERSION = 1.0;
				PRODUCT_BUNDLE_IDENTIFIER = com.uniwiz.BookManangement;
				PRODUCT_NAME = "$(TARGET_NAME)";
				SWIFT_EMIT_LOC_STRINGS = YES;
				SWIFT_VERSION = 5.0;
				TARGETED_DEVICE_FAMILY = "1,2";
			};
			name = Release;
		};
/* End XCBuildConfiguration section */

/* Begin XCConfigurationList section */
		077347FF2B00ED0F001CCAA1 /* Build configuration list for PBXProject "BookManangement" */ = {
			isa = XCConfigurationList;
			buildConfigurations = (
				077348162B00ED11001CCAA1 /* Debug */,
				077348172B00ED11001CCAA1 /* Release */,
			);
			defaultConfigurationIsVisible = 0;
			defaultConfigurationName = Release;
		};
		077348182B00ED11001CCAA1 /* Build configuration list for PBXNativeTarget "BookManangement" */ = {
			isa = XCConfigurationList;
			buildConfigurations = (
				077348192B00ED11001CCAA1 /* Debug */,
				0773481A2B00ED11001CCAA1 /* Release */,
			);
			defaultConfigurationIsVisible = 0;
			defaultConfigurationName = Release;
		};
/* End XCConfigurationList section */
	};
	rootObject = 077347FC2B00ED0F001CCAA1 /* Project object */;
}
